hash: db3dd1eaac0aa3432061ef22c1136f05b91a4a265b805073e46f7c15b5fc0ee0
updated: 2017-02-04T13:19:20.466562483-08:00
imports:
- name: github.com/btcsuite/fastsha256
  version: 637e656429416087660c84436a2a035d69d54e2e
- name: github.com/euforia/go-chord
  version: 857cd31aa99f9e98290efdd576b21c2ea2313b14
- name: github.com/golang/protobuf
  version: df1d3ca07d2d07bba352d5b73c4313b4e2a6203e
  subpackages:
  - proto
- name: github.com/google/flatbuffers
  version: 29574282a283ddc7904d096d27b783b794da7e91
  subpackages:
  - go
- name: github.com/ipkg/go-mux
  version: c0793d469053f9a2b694254ca7e778f7784d88c9
- name: github.com/tv42/base58
  version: b6649477bfe6276322b4eeaae8f5e947b49cec92
- name: github.com/xsleonard/go-merkle
  version: c71c7cc334c839f31f3760b2385eab8381daf64e
- name: github.com/zeebo/bencode
  version: 03ce512f17ce5deb2c024518d504c6419f04d39d
- name: golang.org/x/net
  version: cd8c2701a5e10f044db915e65eac68f738399d22
  subpackages:
  - context
  - http2
  - http2/hpack
  - internal/timeseries
  - trace
- name: google.golang.org/grpc
  version: eddbd11c7ecd001d06777cb87b5ea7af54227907
  subpackages:
  - codes
  - credentials
  - grpclog
  - internal
  - metadata
  - naming
  - peer
  - tap
  - transport
testImports: []
